
Microsoft Visual Studio Solution File, Format Version 12.00
# Visual Studio 15
Project("{FAE04EC0-301F-11D3-BF4B-00C04F79EFBC}") = "SwipeCardViewExample.Core", "SwipeCardViewExample.Core\SwipeCardViewExample.Core.csproj", "{826D0549-32CA-483F-AF72-66BD1912A2AF}"
EndProject
Project("{FAE04EC0-301F-11D3-BF4B-00C04F79EFBC}") = "SwipeCardViewExample.Droid", "SwipeCardViewExample.Droid\SwipeCardViewExample.Droid.csproj", "{91952B39-73B2-43D9-84D1-7AF4758E4A2D}"
EndProject
Project("{FAE04EC0-301F-11D3-BF4B-00C04F79EFBC}") = "SwipeCardViewExample.Forms.UI", "SwipeCardViewExample.Forms.UI\SwipeCardViewExample.Forms.UI.csproj", "{D905A6C4-361F-4C89-A231-5598BF9B4FFB}"
EndProject
Global
	GlobalSection(SolutionConfigurationPlatforms) = preSolution
		Debug|Any CPU = Debug|Any CPU
		Release|Any CPU = Release|Any CPU
	EndGlobalSection
	GlobalSection(ProjectConfigurationPlatforms) = postSolution
		{826D0549-32CA-483F-AF72-66BD1912A2AF}.Debug|Any CPU.ActiveCfg = Debug|Any CPU
		{826D0549-32CA-483F-AF72-66BD1912A2AF}.Debug|Any CPU.Build.0 = Debug|Any CPU
		{826D0549-32CA-483F-AF72-66BD1912A2AF}.Release|Any CPU.ActiveCfg = Release|Any CPU
		{826D0549-32CA-483F-AF72-66BD1912A2AF}.Release|Any CPU.Build.0 = Release|Any CPU
		{91952B39-73B2-43D9-84D1-7AF4758E4A2D}.Debug|Any CPU.ActiveCfg = Debug|Any CPU
		{91952B39-73B2-43D9-84D1-7AF4758E4A2D}.Debug|Any CPU.Build.0 = Debug|Any CPU
		{91952B39-73B2-43D9-84D1-7AF4758E4A2D}.Release|Any CPU.ActiveCfg = Release|Any CPU
		{91952B39-73B2-43D9-84D1-7AF4758E4A2D}.Release|Any CPU.Build.0 = Release|Any CPU
		{D905A6C4-361F-4C89-A231-5598BF9B4FFB}.Debug|Any CPU.ActiveCfg = Debug|Any CPU
		{D905A6C4-361F-4C89-A231-5598BF9B4FFB}.Debug|Any CPU.Build.0 = Debug|Any CPU
		{D905A6C4-361F-4C89-A231-5598BF9B4FFB}.Release|Any CPU.ActiveCfg = Release|Any CPU
		{D905A6C4-361F-4C89-A231-5598BF9B4FFB}.Release|Any CPU.Build.0 = Release|Any CPU
	EndGlobalSection
EndGlobal
