
Microsoft Visual Studio Solution File, Format Version 12.00
# Visual Studio 15
Project("{FAE04EC0-301F-11D3-BF4B-00C04F79EFBC}") = "BitcoinOnboardingApp.Core", "BitcoinOnboardingApp.Core\BitcoinOnboardingApp.Core.csproj", "{D5D07EED-9384-4F7E-A4C2-78D5BBBBBAF8}"
EndProject
Project("{FAE04EC0-301F-11D3-BF4B-00C04F79EFBC}") = "BitcoinOnboardingApp.UI", "BitcoinOnboardingApp.UI\BitcoinOnboardingApp.UI.csproj", "{853D94CE-B646-45B6-8D6A-65A4CDFBC014}"
EndProject
Project("{FAE04EC0-301F-11D3-BF4B-00C04F79EFBC}") = "BitcoinOnboardingApp.iOS", "BitcoinOnboardingApp.iOS\BitcoinOnboardingApp.iOS.csproj", "{FE563993-9D45-4404-8137-7F47CA612CEF}"
EndProject
Global
	GlobalSection(SolutionConfigurationPlatforms) = preSolution
		Debug|Any CPU = Debug|Any CPU
		Release|Any CPU = Release|Any CPU
		Debug|iPhoneSimulator = Debug|iPhoneSimulator
		Release|iPhoneSimulator = Release|iPhoneSimulator
		Debug|iPhone = Debug|iPhone
		Release|iPhone = Release|iPhone
		Ad-Hoc|iPhone = Ad-Hoc|iPhone
		AppStore|iPhone = AppStore|iPhone
	EndGlobalSection
	GlobalSection(ProjectConfigurationPlatforms) = postSolution
		{D5D07EED-9384-4F7E-A4C2-78D5BBBBBAF8}.Debug|Any CPU.ActiveCfg = Debug|Any CPU
		{D5D07EED-9384-4F7E-A4C2-78D5BBBBBAF8}.Debug|Any CPU.Build.0 = Debug|Any CPU
		{D5D07EED-9384-4F7E-A4C2-78D5BBBBBAF8}.Release|Any CPU.ActiveCfg = Release|Any CPU
		{D5D07EED-9384-4F7E-A4C2-78D5BBBBBAF8}.Release|Any CPU.Build.0 = Release|Any CPU
		{D5D07EED-9384-4F7E-A4C2-78D5BBBBBAF8}.Debug|iPhoneSimulator.ActiveCfg = Debug|Any CPU
		{D5D07EED-9384-4F7E-A4C2-78D5BBBBBAF8}.Debug|iPhoneSimulator.Build.0 = Debug|Any CPU
		{D5D07EED-9384-4F7E-A4C2-78D5BBBBBAF8}.Release|iPhoneSimulator.ActiveCfg = Release|Any CPU
		{D5D07EED-9384-4F7E-A4C2-78D5BBBBBAF8}.Release|iPhoneSimulator.Build.0 = Release|Any CPU
		{D5D07EED-9384-4F7E-A4C2-78D5BBBBBAF8}.Debug|iPhone.ActiveCfg = Debug|Any CPU
		{D5D07EED-9384-4F7E-A4C2-78D5BBBBBAF8}.Debug|iPhone.Build.0 = Debug|Any CPU
		{D5D07EED-9384-4F7E-A4C2-78D5BBBBBAF8}.Release|iPhone.ActiveCfg = Release|Any CPU
		{D5D07EED-9384-4F7E-A4C2-78D5BBBBBAF8}.Release|iPhone.Build.0 = Release|Any CPU
		{D5D07EED-9384-4F7E-A4C2-78D5BBBBBAF8}.Ad-Hoc|iPhone.ActiveCfg = Debug|Any CPU
		{D5D07EED-9384-4F7E-A4C2-78D5BBBBBAF8}.Ad-Hoc|iPhone.Build.0 = Debug|Any CPU
		{D5D07EED-9384-4F7E-A4C2-78D5BBBBBAF8}.AppStore|iPhone.ActiveCfg = Debug|Any CPU
		{D5D07EED-9384-4F7E-A4C2-78D5BBBBBAF8}.AppStore|iPhone.Build.0 = Debug|Any CPU
		{853D94CE-B646-45B6-8D6A-65A4CDFBC014}.Debug|Any CPU.ActiveCfg = Debug|Any CPU
		{853D94CE-B646-45B6-8D6A-65A4CDFBC014}.Debug|Any CPU.Build.0 = Debug|Any CPU
		{853D94CE-B646-45B6-8D6A-65A4CDFBC014}.Release|Any CPU.ActiveCfg = Release|Any CPU
		{853D94CE-B646-45B6-8D6A-65A4CDFBC014}.Release|Any CPU.Build.0 = Release|Any CPU
		{853D94CE-B646-45B6-8D6A-65A4CDFBC014}.Debug|iPhoneSimulator.ActiveCfg = Debug|Any CPU
		{853D94CE-B646-45B6-8D6A-65A4CDFBC014}.Debug|iPhoneSimulator.Build.0 = Debug|Any CPU
		{853D94CE-B646-45B6-8D6A-65A4CDFBC014}.Release|iPhoneSimulator.ActiveCfg = Release|Any CPU
		{853D94CE-B646-45B6-8D6A-65A4CDFBC014}.Release|iPhoneSimulator.Build.0 = Release|Any CPU
		{853D94CE-B646-45B6-8D6A-65A4CDFBC014}.Debug|iPhone.ActiveCfg = Debug|Any CPU
		{853D94CE-B646-45B6-8D6A-65A4CDFBC014}.Debug|iPhone.Build.0 = Debug|Any CPU
		{853D94CE-B646-45B6-8D6A-65A4CDFBC014}.Release|iPhone.ActiveCfg = Release|Any CPU
		{853D94CE-B646-45B6-8D6A-65A4CDFBC014}.Release|iPhone.Build.0 = Release|Any CPU
		{853D94CE-B646-45B6-8D6A-65A4CDFBC014}.Ad-Hoc|iPhone.ActiveCfg = Debug|Any CPU
		{853D94CE-B646-45B6-8D6A-65A4CDFBC014}.Ad-Hoc|iPhone.Build.0 = Debug|Any CPU
		{853D94CE-B646-45B6-8D6A-65A4CDFBC014}.AppStore|iPhone.ActiveCfg = Debug|Any CPU
		{853D94CE-B646-45B6-8D6A-65A4CDFBC014}.AppStore|iPhone.Build.0 = Debug|Any CPU
		{FE563993-9D45-4404-8137-7F47CA612CEF}.Debug|Any CPU.ActiveCfg = Debug|iPhoneSimulator
		{FE563993-9D45-4404-8137-7F47CA612CEF}.Debug|Any CPU.Build.0 = Debug|iPhoneSimulator
		{FE563993-9D45-4404-8137-7F47CA612CEF}.Release|Any CPU.ActiveCfg = Release|iPhone
		{FE563993-9D45-4404-8137-7F47CA612CEF}.Release|Any CPU.Build.0 = Release|iPhone
		{FE563993-9D45-4404-8137-7F47CA612CEF}.Debug|iPhoneSimulator.ActiveCfg = Debug|iPhoneSimulator
		{FE563993-9D45-4404-8137-7F47CA612CEF}.Debug|iPhoneSimulator.Build.0 = Debug|iPhoneSimulator
		{FE563993-9D45-4404-8137-7F47CA612CEF}.Release|iPhoneSimulator.ActiveCfg = Release|iPhoneSimulator
		{FE563993-9D45-4404-8137-7F47CA612CEF}.Release|iPhoneSimulator.Build.0 = Release|iPhoneSimulator
		{FE563993-9D45-4404-8137-7F47CA612CEF}.Debug|iPhone.ActiveCfg = Debug|iPhone
		{FE563993-9D45-4404-8137-7F47CA612CEF}.Debug|iPhone.Build.0 = Debug|iPhone
		{FE563993-9D45-4404-8137-7F47CA612CEF}.Release|iPhone.ActiveCfg = Release|iPhone
		{FE563993-9D45-4404-8137-7F47CA612CEF}.Release|iPhone.Build.0 = Release|iPhone
		{FE563993-9D45-4404-8137-7F47CA612CEF}.Ad-Hoc|iPhone.ActiveCfg = Release|iPhone
		{FE563993-9D45-4404-8137-7F47CA612CEF}.Ad-Hoc|iPhone.Build.0 = Release|iPhone
		{FE563993-9D45-4404-8137-7F47CA612CEF}.AppStore|iPhone.ActiveCfg = Release|iPhone
		{FE563993-9D45-4404-8137-7F47CA612CEF}.AppStore|iPhone.Build.0 = Release|iPhone
	EndGlobalSection
EndGlobal
