
Microsoft Visual Studio Solution File, Format Version 12.00
# Visual Studio 15
Project("{FAE04EC0-301F-11D3-BF4B-00C04F79EFBC}") = "TestingSQLite.Android", "TestingSQLite.Android\TestingSQLite.Android.csproj", "{2F62518D-41B4-4A4A-AD62-BAA76191484E}"
EndProject
Project("{FAE04EC0-301F-11D3-BF4B-00C04F79EFBC}") = "TestingSQLite.iOS", "TestingSQLite.iOS\TestingSQLite.iOS.csproj", "{1150BDF9-1B9F-42B0-987F-51590437F822}"
EndProject
Project("{FAE04EC0-301F-11D3-BF4B-00C04F79EFBC}") = "TestingSQLite.Core", "TestingSQLite.Core\TestingSQLite.Core.csproj", "{BC2B3679-7ED8-40DD-8F05-1377115DFC6A}"
EndProject
Global
	GlobalSection(SolutionConfigurationPlatforms) = preSolution
		Debug|Any CPU = Debug|Any CPU
		Release|Any CPU = Release|Any CPU
		Debug|iPhoneSimulator = Debug|iPhoneSimulator
		Release|iPhoneSimulator = Release|iPhoneSimulator
		Debug|iPhone = Debug|iPhone
		Release|iPhone = Release|iPhone
	EndGlobalSection
	GlobalSection(ProjectConfigurationPlatforms) = postSolution
		{2F62518D-41B4-4A4A-AD62-BAA76191484E}.Debug|Any CPU.ActiveCfg = Debug|Any CPU
		{2F62518D-41B4-4A4A-AD62-BAA76191484E}.Debug|Any CPU.Build.0 = Debug|Any CPU
		{2F62518D-41B4-4A4A-AD62-BAA76191484E}.Release|Any CPU.ActiveCfg = Release|Any CPU
		{2F62518D-41B4-4A4A-AD62-BAA76191484E}.Release|Any CPU.Build.0 = Release|Any CPU
		{2F62518D-41B4-4A4A-AD62-BAA76191484E}.Debug|iPhoneSimulator.ActiveCfg = Debug|Any CPU
		{2F62518D-41B4-4A4A-AD62-BAA76191484E}.Debug|iPhoneSimulator.Build.0 = Debug|Any CPU
		{2F62518D-41B4-4A4A-AD62-BAA76191484E}.Release|iPhoneSimulator.ActiveCfg = Release|Any CPU
		{2F62518D-41B4-4A4A-AD62-BAA76191484E}.Release|iPhoneSimulator.Build.0 = Release|Any CPU
		{2F62518D-41B4-4A4A-AD62-BAA76191484E}.Debug|iPhone.ActiveCfg = Debug|Any CPU
		{2F62518D-41B4-4A4A-AD62-BAA76191484E}.Debug|iPhone.Build.0 = Debug|Any CPU
		{2F62518D-41B4-4A4A-AD62-BAA76191484E}.Release|iPhone.ActiveCfg = Release|Any CPU
		{2F62518D-41B4-4A4A-AD62-BAA76191484E}.Release|iPhone.Build.0 = Release|Any CPU
		{1150BDF9-1B9F-42B0-987F-51590437F822}.Debug|Any CPU.ActiveCfg = Debug|iPhoneSimulator
		{1150BDF9-1B9F-42B0-987F-51590437F822}.Debug|Any CPU.Build.0 = Debug|iPhoneSimulator
		{1150BDF9-1B9F-42B0-987F-51590437F822}.Release|Any CPU.ActiveCfg = Release|iPhoneSimulator
		{1150BDF9-1B9F-42B0-987F-51590437F822}.Release|Any CPU.Build.0 = Release|iPhoneSimulator
		{1150BDF9-1B9F-42B0-987F-51590437F822}.Debug|iPhoneSimulator.ActiveCfg = Debug|iPhoneSimulator
		{1150BDF9-1B9F-42B0-987F-51590437F822}.Debug|iPhoneSimulator.Build.0 = Debug|iPhoneSimulator
		{1150BDF9-1B9F-42B0-987F-51590437F822}.Release|iPhoneSimulator.ActiveCfg = Release|iPhoneSimulator
		{1150BDF9-1B9F-42B0-987F-51590437F822}.Release|iPhoneSimulator.Build.0 = Release|iPhoneSimulator
		{1150BDF9-1B9F-42B0-987F-51590437F822}.Debug|iPhone.ActiveCfg = Debug|iPhone
		{1150BDF9-1B9F-42B0-987F-51590437F822}.Debug|iPhone.Build.0 = Debug|iPhone
		{1150BDF9-1B9F-42B0-987F-51590437F822}.Release|iPhone.ActiveCfg = Release|iPhone
		{1150BDF9-1B9F-42B0-987F-51590437F822}.Release|iPhone.Build.0 = Release|iPhone
		{BC2B3679-7ED8-40DD-8F05-1377115DFC6A}.Debug|Any CPU.ActiveCfg = Debug|Any CPU
		{BC2B3679-7ED8-40DD-8F05-1377115DFC6A}.Debug|Any CPU.Build.0 = Debug|Any CPU
		{BC2B3679-7ED8-40DD-8F05-1377115DFC6A}.Release|Any CPU.ActiveCfg = Release|Any CPU
		{BC2B3679-7ED8-40DD-8F05-1377115DFC6A}.Release|Any CPU.Build.0 = Release|Any CPU
		{BC2B3679-7ED8-40DD-8F05-1377115DFC6A}.Debug|iPhoneSimulator.ActiveCfg = Debug|Any CPU
		{BC2B3679-7ED8-40DD-8F05-1377115DFC6A}.Debug|iPhoneSimulator.Build.0 = Debug|Any CPU
		{BC2B3679-7ED8-40DD-8F05-1377115DFC6A}.Release|iPhoneSimulator.ActiveCfg = Release|Any CPU
		{BC2B3679-7ED8-40DD-8F05-1377115DFC6A}.Release|iPhoneSimulator.Build.0 = Release|Any CPU
		{BC2B3679-7ED8-40DD-8F05-1377115DFC6A}.Debug|iPhone.ActiveCfg = Debug|Any CPU
		{BC2B3679-7ED8-40DD-8F05-1377115DFC6A}.Debug|iPhone.Build.0 = Debug|Any CPU
		{BC2B3679-7ED8-40DD-8F05-1377115DFC6A}.Release|iPhone.ActiveCfg = Release|Any CPU
		{BC2B3679-7ED8-40DD-8F05-1377115DFC6A}.Release|iPhone.Build.0 = Release|Any CPU
	EndGlobalSection
EndGlobal
